
Microsoft Visual Studio Solution File, Format Version 12.00
# Visual Studio Version 17
VisualStudioVersion = 17.7.34031.279
MinimumVisualStudioVersion = 10.0.40219.1
Project("{9A19103F-16F7-4668-BE54-9A1E7A4F7556}") = "ApiBoletins", "FirstAPI\ApiBoletins.csproj", "{308DAE17-7D17-43B6-9315-54D1520C7924}"
EndProject
Global
	GlobalSection(SolutionConfigurationPlatforms) = preSolution
		Debug|Any CPU = Debug|Any CPU
		Release|Any CPU = Release|Any CPU
	EndGlobalSection
	GlobalSection(ProjectConfigurationPlatforms) = postSolution
		{308DAE17-7D17-43B6-9315-54D1520C7924}.Debug|Any CPU.ActiveCfg = Debug|Any CPU
		{308DAE17-7D17-43B6-9315-54D1520C7924}.Debug|Any CPU.Build.0 = Debug|Any CPU
		{308DAE17-7D17-43B6-9315-54D1520C7924}.Release|Any CPU.ActiveCfg = Release|Any CPU
		{308DAE17-7D17-43B6-9315-54D1520C7924}.Release|Any CPU.Build.0 = Release|Any CPU
	EndGlobalSection
	GlobalSection(SolutionProperties) = preSolution
		HideSolutionNode = FALSE
	EndGlobalSection
	GlobalSection(ExtensibilityGlobals) = postSolution
		SolutionGuid = {FBC5ABBF-A18F-4B19-835D-33388219B0F0}
	EndGlobalSection
EndGlobal
